
Microsoft Visual Studio Solution File, Format Version 12.00
# Visual Studio Version 17
VisualStudioVersion = 17.9.34728.123
MinimumVisualStudioVersion = 10.0.40219.1
Project("{9A19103F-16F7-4668-BE54-9A1E7A4F7556}") = "FoodServiceAPI", "FoodServiceAPI\FoodServiceAPI.csproj", "{BE09FA73-9F04-4E4E-BE22-F12D1B2F6AD6}"
EndProject
Project("{9A19103F-16F7-4668-BE54-9A1E7A4F7556}") = "FoodServiceAPI.Data.SqlServer", "FoodServiceAPI.Data\FoodServiceAPI.Data.SqlServer.csproj", "{E18372EB-9F71-4F2D-9A47-F48DD19DA602}"
EndProject
Project("{9A19103F-16F7-4668-BE54-9A1E7A4F7556}") = "FoodServiceAPI.Core", "FoodServiceAPI.Core\FoodServiceAPI.Core.csproj", "{B8C6345F-6606-4832-B788-34FD2C1CB46E}"
EndProject
Project("{9A19103F-16F7-4668-BE54-9A1E7A4F7556}") = "FoodServiceAPI.Shared", "FoodServiceAPI.Shared\FoodServiceAPI.Shared.csproj", "{897CCC3F-07AE-4A70-B2DE-177601428448}"
EndProject
Project("{2150E333-8FDC-42A3-9474-1A3956D46DE8}") = "Solution Items", "Solution Items", "{5586D836-6399-44C7-87B3-6164F5AB3D4B}"
	ProjectSection(SolutionItems) = preProject
		.github\workflows\dotnet.yml = .github\workflows\dotnet.yml
		.github\workflows\azure-foodservice-api.yml = .github\workflows\azure-foodservice-api.yml
		Important.txt = Important.txt
	EndProjectSection
EndProject
Global
	GlobalSection(SolutionConfigurationPlatforms) = preSolution
		Debug|Any CPU = Debug|Any CPU
		Release|Any CPU = Release|Any CPU
	EndGlobalSection
	GlobalSection(ProjectConfigurationPlatforms) = postSolution
		{BE09FA73-9F04-4E4E-BE22-F12D1B2F6AD6}.Debug|Any CPU.ActiveCfg = Debug|Any CPU
		{BE09FA73-9F04-4E4E-BE22-F12D1B2F6AD6}.Debug|Any CPU.Build.0 = Debug|Any CPU
		{BE09FA73-9F04-4E4E-BE22-F12D1B2F6AD6}.Release|Any CPU.ActiveCfg = Release|Any CPU
		{BE09FA73-9F04-4E4E-BE22-F12D1B2F6AD6}.Release|Any CPU.Build.0 = Release|Any CPU
		{E18372EB-9F71-4F2D-9A47-F48DD19DA602}.Debug|Any CPU.ActiveCfg = Debug|Any CPU
		{E18372EB-9F71-4F2D-9A47-F48DD19DA602}.Debug|Any CPU.Build.0 = Debug|Any CPU
		{E18372EB-9F71-4F2D-9A47-F48DD19DA602}.Release|Any CPU.ActiveCfg = Release|Any CPU
		{E18372EB-9F71-4F2D-9A47-F48DD19DA602}.Release|Any CPU.Build.0 = Release|Any CPU
		{B8C6345F-6606-4832-B788-34FD2C1CB46E}.Debug|Any CPU.ActiveCfg = Debug|Any CPU
		{B8C6345F-6606-4832-B788-34FD2C1CB46E}.Debug|Any CPU.Build.0 = Debug|Any CPU
		{B8C6345F-6606-4832-B788-34FD2C1CB46E}.Release|Any CPU.ActiveCfg = Release|Any CPU
		{B8C6345F-6606-4832-B788-34FD2C1CB46E}.Release|Any CPU.Build.0 = Release|Any CPU
		{897CCC3F-07AE-4A70-B2DE-177601428448}.Debug|Any CPU.ActiveCfg = Debug|Any CPU
		{897CCC3F-07AE-4A70-B2DE-177601428448}.Debug|Any CPU.Build.0 = Debug|Any CPU
		{897CCC3F-07AE-4A70-B2DE-177601428448}.Release|Any CPU.ActiveCfg = Release|Any CPU
		{897CCC3F-07AE-4A70-B2DE-177601428448}.Release|Any CPU.Build.0 = Release|Any CPU
	EndGlobalSection
	GlobalSection(SolutionProperties) = preSolution
		HideSolutionNode = FALSE
	EndGlobalSection
	GlobalSection(ExtensibilityGlobals) = postSolution
		SolutionGuid = {56B2EEAE-3BAE-4D8C-B956-4519614632B9}
	EndGlobalSection
EndGlobal
